
Microsoft Visual Studio Solution File, Format Version 12.00
# Visual Studio 15
VisualStudioVersion = 15.0.28010.2016
MinimumVisualStudioVersion = 10.0.40219.1
Project("{FAE04EC0-301F-11D3-BF4B-00C04F79EFBC}") = "L1_U1_9", "L1_U1_9.csproj", "{4819372E-F03D-4777-8759-4F654B53CE89}"
EndProject
Project("{FAE04EC0-301F-11D3-BF4B-00C04F79EFBC}") = "L2_U2_9", "..\L2_U2_9\L2_U2_9.csproj", "{626E55D7-8477-4E33-A955-1166AE85AF26}"
EndProject
Global
	GlobalSection(SolutionConfigurationPlatforms) = preSolution
		Debug|Any CPU = Debug|Any CPU
		Release|Any CPU = Release|Any CPU
	EndGlobalSection
	GlobalSection(ProjectConfigurationPlatforms) = postSolution
		{4819372E-F03D-4777-8759-4F654B53CE89}.Debug|Any CPU.ActiveCfg = Debug|Any CPU
		{4819372E-F03D-4777-8759-4F654B53CE89}.Debug|Any CPU.Build.0 = Debug|Any CPU
		{4819372E-F03D-4777-8759-4F654B53CE89}.Release|Any CPU.ActiveCfg = Release|Any CPU
		{4819372E-F03D-4777-8759-4F654B53CE89}.Release|Any CPU.Build.0 = Release|Any CPU
		{626E55D7-8477-4E33-A955-1166AE85AF26}.Debug|Any CPU.ActiveCfg = Debug|Any CPU
		{626E55D7-8477-4E33-A955-1166AE85AF26}.Debug|Any CPU.Build.0 = Debug|Any CPU
		{626E55D7-8477-4E33-A955-1166AE85AF26}.Release|Any CPU.ActiveCfg = Release|Any CPU
		{626E55D7-8477-4E33-A955-1166AE85AF26}.Release|Any CPU.Build.0 = Release|Any CPU
	EndGlobalSection
	GlobalSection(SolutionProperties) = preSolution
		HideSolutionNode = FALSE
	EndGlobalSection
	GlobalSection(ExtensibilityGlobals) = postSolution
		SolutionGuid = {A1EDB8DE-A4D6-46F0-80C4-38F2647222A5}
	EndGlobalSection
EndGlobal
